
Microsoft Visual Studio Solution File, Format Version 12.00
# Visual Studio Version 17
VisualStudioVersion = 17.1.32421.90
MinimumVisualStudioVersion = 10.0.40219.1
Project("{9A19103F-16F7-4668-BE54-9A1E7A4F7556}") = "WeatherForecastAPI", "WeatherForecastAPI\WeatherForecastAPI.csproj", "{017E30B8-CD7F-49C4-915E-7EEC2654444F}"
EndProject
Project("{FAE04EC0-301F-11D3-BF4B-00C04F79EFBC}") = "UnitTests", "UnitTests\UnitTests.csproj", "{68DE5B79-0F44-4F08-B4A0-D6AD307655C8}"
EndProject
Global
	GlobalSection(SolutionConfigurationPlatforms) = preSolution
		Debug|Any CPU = Debug|Any CPU
		Release|Any CPU = Release|Any CPU
	EndGlobalSection
	GlobalSection(ProjectConfigurationPlatforms) = postSolution
		{017E30B8-CD7F-49C4-915E-7EEC2654444F}.Debug|Any CPU.ActiveCfg = Debug|Any CPU
		{017E30B8-CD7F-49C4-915E-7EEC2654444F}.Debug|Any CPU.Build.0 = Debug|Any CPU
		{017E30B8-CD7F-49C4-915E-7EEC2654444F}.Release|Any CPU.ActiveCfg = Release|Any CPU
		{017E30B8-CD7F-49C4-915E-7EEC2654444F}.Release|Any CPU.Build.0 = Release|Any CPU
		{68DE5B79-0F44-4F08-B4A0-D6AD307655C8}.Debug|Any CPU.ActiveCfg = Debug|Any CPU
		{68DE5B79-0F44-4F08-B4A0-D6AD307655C8}.Debug|Any CPU.Build.0 = Debug|Any CPU
		{68DE5B79-0F44-4F08-B4A0-D6AD307655C8}.Release|Any CPU.ActiveCfg = Release|Any CPU
		{68DE5B79-0F44-4F08-B4A0-D6AD307655C8}.Release|Any CPU.Build.0 = Release|Any CPU
	EndGlobalSection
	GlobalSection(SolutionProperties) = preSolution
		HideSolutionNode = FALSE
	EndGlobalSection
	GlobalSection(ExtensibilityGlobals) = postSolution
		SolutionGuid = {0BDB92EF-7436-4B56-9143-8D8CB827EB0B}
	EndGlobalSection
EndGlobal
